
Microsoft Visual Studio Solution File, Format Version 12.00
# Visual Studio Version 16
VisualStudioVersion = 16.0.29230.47
MinimumVisualStudioVersion = 10.0.40219.1
Project("{8BC9CEB8-8B4A-11D0-8D11-00A0C91BC942}") = "Laba2", "Laba2\Laba2.vcxproj", "{295AFFF7-4029-4963-A6DD-00CB2DB53E25}"
EndProject
Project("{8BC9CEB8-8B4A-11D0-8D11-00A0C91BC942}") = "TestProject", "TestProject\TestProject.vcxproj", "{09466154-E0A6-4904-AB4F-AAF968624840}"
EndProject
Global
	GlobalSection(SolutionConfigurationPlatforms) = preSolution
		Debug|x64 = Debug|x64
		Debug|x86 = Debug|x86
		Release|x64 = Release|x64
		Release|x86 = Release|x86
	EndGlobalSection
	GlobalSection(ProjectConfigurationPlatforms) = postSolution
		{295AFFF7-4029-4963-A6DD-00CB2DB53E25}.Debug|x64.ActiveCfg = Debug|x64
		{295AFFF7-4029-4963-A6DD-00CB2DB53E25}.Debug|x64.Build.0 = Debug|x64
		{295AFFF7-4029-4963-A6DD-00CB2DB53E25}.Debug|x86.ActiveCfg = Debug|Win32
		{295AFFF7-4029-4963-A6DD-00CB2DB53E25}.Debug|x86.Build.0 = Debug|Win32
		{295AFFF7-4029-4963-A6DD-00CB2DB53E25}.Release|x64.ActiveCfg = Release|x64
		{295AFFF7-4029-4963-A6DD-00CB2DB53E25}.Release|x64.Build.0 = Release|x64
		{295AFFF7-4029-4963-A6DD-00CB2DB53E25}.Release|x86.ActiveCfg = Release|Win32
		{295AFFF7-4029-4963-A6DD-00CB2DB53E25}.Release|x86.Build.0 = Release|Win32
		{09466154-E0A6-4904-AB4F-AAF968624840}.Debug|x64.ActiveCfg = Debug|x64
		{09466154-E0A6-4904-AB4F-AAF968624840}.Debug|x64.Build.0 = Debug|x64
		{09466154-E0A6-4904-AB4F-AAF968624840}.Debug|x86.ActiveCfg = Debug|Win32
		{09466154-E0A6-4904-AB4F-AAF968624840}.Debug|x86.Build.0 = Debug|Win32
		{09466154-E0A6-4904-AB4F-AAF968624840}.Release|x64.ActiveCfg = Release|x64
		{09466154-E0A6-4904-AB4F-AAF968624840}.Release|x64.Build.0 = Release|x64
		{09466154-E0A6-4904-AB4F-AAF968624840}.Release|x86.ActiveCfg = Release|Win32
		{09466154-E0A6-4904-AB4F-AAF968624840}.Release|x86.Build.0 = Release|Win32
	EndGlobalSection
	GlobalSection(SolutionProperties) = preSolution
		HideSolutionNode = FALSE
	EndGlobalSection
	GlobalSection(ExtensibilityGlobals) = postSolution
		SolutionGuid = {13E47824-8EF3-4821-ABA5-F0C1430E4755}
	EndGlobalSection
EndGlobal
